
Microsoft Visual Studio Solution File, Format Version 12.00
# Visual Studio Version 16
VisualStudioVersion = 16.0.30717.126
MinimumVisualStudioVersion = 10.0.40219.1
Project("{FAE04EC0-301F-11D3-BF4B-00C04F79EFBC}") = "ASP.NET_WEB.API", "ASP.NET_WEB.API.csproj", "{B9AC9E68-31A3-43E6-9636-56C9F083BCEB}"
EndProject
Global
	GlobalSection(SolutionConfigurationPlatforms) = preSolution
		Debug|Any CPU = Debug|Any CPU
		Release|Any CPU = Release|Any CPU
	EndGlobalSection
	GlobalSection(ProjectConfigurationPlatforms) = postSolution
		{B9AC9E68-31A3-43E6-9636-56C9F083BCEB}.Debug|Any CPU.ActiveCfg = Debug|Any CPU
		{B9AC9E68-31A3-43E6-9636-56C9F083BCEB}.Debug|Any CPU.Build.0 = Debug|Any CPU
		{B9AC9E68-31A3-43E6-9636-56C9F083BCEB}.Release|Any CPU.ActiveCfg = Release|Any CPU
		{B9AC9E68-31A3-43E6-9636-56C9F083BCEB}.Release|Any CPU.Build.0 = Release|Any CPU
	EndGlobalSection
	GlobalSection(SolutionProperties) = preSolution
		HideSolutionNode = FALSE
	EndGlobalSection
	GlobalSection(ExtensibilityGlobals) = postSolution
		SolutionGuid = {7E8E5473-45AB-4F90-96DE-ABF3F4EFF330}
	EndGlobalSection
EndGlobal
